{
  "version": 4,
  "terraform_version": "1.12.2",
  "serial": 15,
  "lineage": "7c9a3f3b-3ffc-0ad7-1238-77c480bab9c1",
  "outputs": {
    "public_ip": {
      "value": "13.81.109.76",
      "type": "string"
    }
  },
  "resources": [
    {
      "mode": "managed",
      "type": "azurerm_linux_virtual_machine",
      "name": "linux_vm",
      "provider": "provider[\"registry.terraform.io/hashicorp/azurerm\"]",
      "instances": [
        {
          "schema_version": 0,
          "attributes": {
            "additional_capabilities": [],
            "admin_password": null,
            "admin_ssh_key": [
              {
                "public_key": "ssh-rsa AAAAB3NzaC1yc2EAAAADAQABAAACAQCrE8N2ZCmQ5x3SykLfBeT4RiAMqEmZIuXZtWbf4FRImVvH8ZVK4RTcfXlRGVH7SSAEPtjVAhkueLLQ3dx1M6tKJeC6k/aTPvZGSAMxzEWxHpOjxJcUwyrIFjzpmkSNg4/ucjPU0xW8d/Yb2I+rZF0HmfPGMzNW+w4F4/vhv3P3g5d6FYLwLj5r4VxyXUfw1TUP7kUPTMqxTHobMwFieGs9zA+KHB51FH+xx3VspGn//Sfg25xCeFW+437uxarjKcbTfWx5Q7ICZFWZFUr5jSWZvh35nNPfJQVJOuCKK/XryhUdyBznS0rvT43SYx3J4Qh5B1xlL3MZMZPIrMpb6JKRxVuT8F9WJKswtkt8iE0nVZ+Lp+PHqWNibxQBk7gEIfhm4x0Qxy0f/aaEdNpVf2lh83ri5f+u6quGstBX5ZdaPHWjg00jyc07Y8TolEytoIrcbXR2eJSeUzSVyQXway+eRXaodzIrvpZpjj2a1ipkLnuqHiDXuILrCPxLqrBojhiNyYTVNkAmfHxrcBLan3jhG/mP1pGkqbFkY4dq7hXs07FJanSAqRzeG/icn/JmLyiC/BePb2aoTWdYKV16SVVOKM57lZeJlU8nCjEJ7ShwgludB96MysHROxHbtLWeTYw6l9i9brXlTgL9Rx7Cr3En02r6aHJInEdfy5Xw8ZjhZw== dawid@DESKTOP-0D1MGPF\r\n",
                "username": "azureadmin"
              }
            ],
            "admin_username": "azureadmin",
            "allow_extension_operations": true,
            "availability_set_id": "",
            "boot_diagnostics": [],
            "computer_name": "linuxvm932871392",
            "custom_data": null,
            "dedicated_host_group_id": "",
            "dedicated_host_id": "",
            "disable_password_authentication": true,
            "edge_zone": "",
            "encryption_at_host_enabled": false,
            "eviction_policy": "",
            "extensions_time_budget": "PT1H30M",
            "id": "/subscriptions/9a7d8577-0051-49b0-a1fb-a2177b928eb4/resourceGroups/nginx_web_server/providers/Microsoft.Compute/virtualMachines/linuxvm932871392",
            "identity": [],
            "license_type": "",
            "location": "westeurope",
            "max_bid_price": -1,
            "name": "linuxvm932871392",
            "network_interface_ids": [
              "/subscriptions/9a7d8577-0051-49b0-a1fb-a2177b928eb4/resourceGroups/nginx_web_server/providers/Microsoft.Network/networkInterfaces/linux_nic"
            ],
            "os_disk": [
              {
                "caching": "ReadWrite",
                "diff_disk_settings": [],
                "disk_encryption_set_id": "",
                "disk_size_gb": 30,
                "name": "linuxvm932871392_disk1_21cbb7a2288c4d39bbf11d29266f89ac",
                "storage_account_type": "Standard_LRS",
                "write_accelerator_enabled": false
              }
            ],
            "patch_mode": "ImageDefault",
            "plan": [],
            "platform_fault_domain": -1,
            "priority": "Regular",
            "private_ip_address": "10.0.1.4",
            "private_ip_addresses": [
              "10.0.1.4"
            ],
            "provision_vm_agent": true,
            "proximity_placement_group_id": "",
            "public_ip_address": "13.81.109.76",
            "public_ip_addresses": [
              "13.81.109.76"
            ],
            "resource_group_name": "nginx_web_server",
            "secret": [],
            "secure_boot_enabled": false,
            "size": "Standard_B2s",
            "source_image_id": "",
            "source_image_reference": [
              {
                "offer": "0001-com-ubuntu-server-jammy",
                "publisher": "Canonical",
                "sku": "22_04-lts",
                "version": "latest"
              }
            ],
            "tags": null,
            "termination_notification": null,
            "timeouts": null,
            "user_data": "",
            "virtual_machine_id": "6fdc4cc9-e392-4f11-b014-c8a1a14f72e2",
            "virtual_machine_scale_set_id": "",
            "vtpm_enabled": false,
            "zone": ""
          },
          "sensitive_attributes": [
            [
              {
                "type": "get_attr",
                "value": "admin_password"
              }
            ],
            [
              {
                "type": "get_attr",
                "value": "custom_data"
              }
            ]
          ],
          "identity_schema_version": 0,
          "private": "eyJlMmJmYjczMC1lY2FhLTExZTYtOGY4OC0zNDM2M2JjN2M0YzAiOnsiY3JlYXRlIjoyNzAwMDAwMDAwMDAwLCJkZWxldGUiOjI3MDAwMDAwMDAwMDAsInJlYWQiOjMwMDAwMDAwMDAwMCwidXBkYXRlIjoyNzAwMDAwMDAwMDAwfX0=",
          "dependencies": [
            "azurerm_network_interface.nic",
            "azurerm_public_ip.linux_public_ip",
            "azurerm_resource_group.main",
            "azurerm_ssh_public_key.ssh_key",
            "azurerm_subnet.subnet",
            "azurerm_virtual_network.main"
          ]
        }
      ]
    },
    {
      "mode": "managed",
      "type": "azurerm_network_interface",
      "name": "nic",
      "provider": "provider[\"registry.terraform.io/hashicorp/azurerm\"]",
      "instances": [
        {
          "schema_version": 0,
          "attributes": {
            "applied_dns_servers": [],
            "dns_servers": [],
            "edge_zone": "",
            "enable_accelerated_networking": false,
            "enable_ip_forwarding": false,
            "id": "/subscriptions/9a7d8577-0051-49b0-a1fb-a2177b928eb4/resourceGroups/nginx_web_server/providers/Microsoft.Network/networkInterfaces/linux_nic",
            "internal_dns_name_label": "",
            "internal_domain_name_suffix": "tcw3tt3eavhendekvecwyq4qie.ax.internal.cloudapp.net",
            "ip_configuration": [
              {
                "gateway_load_balancer_frontend_ip_configuration_id": "",
                "name": "internal",
                "primary": true,
                "private_ip_address": "10.0.1.4",
                "private_ip_address_allocation": "Dynamic",
                "private_ip_address_version": "IPv4",
                "public_ip_address_id": "/subscriptions/9a7d8577-0051-49b0-a1fb-a2177b928eb4/resourceGroups/nginx_web_server/providers/Microsoft.Network/publicIPAddresses/linux_public_ip",
                "subnet_id": "/subscriptions/9a7d8577-0051-49b0-a1fb-a2177b928eb4/resourceGroups/nginx_web_server/providers/Microsoft.Network/virtualNetworks/linux_network/subnets/linux_sub"
              }
            ],
            "location": "westeurope",
            "mac_address": "",
            "name": "linux_nic",
            "private_ip_address": "10.0.1.4",
            "private_ip_addresses": [
              "10.0.1.4"
            ],
            "resource_group_name": "nginx_web_server",
            "tags": {},
            "timeouts": null,
            "virtual_machine_id": ""
          },
          "sensitive_attributes": [],
          "identity_schema_version": 0,
          "private": "eyJlMmJmYjczMC1lY2FhLTExZTYtOGY4OC0zNDM2M2JjN2M0YzAiOnsiY3JlYXRlIjoxODAwMDAwMDAwMDAwLCJkZWxldGUiOjE4MDAwMDAwMDAwMDAsInJlYWQiOjMwMDAwMDAwMDAwMCwidXBkYXRlIjoxODAwMDAwMDAwMDAwfX0=",
          "dependencies": [
            "azurerm_public_ip.linux_public_ip",
            "azurerm_resource_group.main",
            "azurerm_subnet.subnet",
            "azurerm_virtual_network.main"
          ]
        }
      ]
    },
    {
      "mode": "managed",
      "type": "azurerm_network_interface_security_group_association",
      "name": "nic_sec",
      "provider": "provider[\"registry.terraform.io/hashicorp/azurerm\"]",
      "instances": [
        {
          "schema_version": 0,
          "attributes": {
            "id": "/subscriptions/9a7d8577-0051-49b0-a1fb-a2177b928eb4/resourceGroups/nginx_web_server/providers/Microsoft.Network/networkInterfaces/linux_nic|/subscriptions/9a7d8577-0051-49b0-a1fb-a2177b928eb4/resourceGroups/nginx_web_server/providers/Microsoft.Network/networkSecurityGroups/secgroup",
            "network_interface_id": "/subscriptions/9a7d8577-0051-49b0-a1fb-a2177b928eb4/resourceGroups/nginx_web_server/providers/Microsoft.Network/networkInterfaces/linux_nic",
            "network_security_group_id": "/subscriptions/9a7d8577-0051-49b0-a1fb-a2177b928eb4/resourceGroups/nginx_web_server/providers/Microsoft.Network/networkSecurityGroups/secgroup",
            "timeouts": null
          },
          "sensitive_attributes": [],
          "identity_schema_version": 0,
          "private": "eyJlMmJmYjczMC1lY2FhLTExZTYtOGY4OC0zNDM2M2JjN2M0YzAiOnsiY3JlYXRlIjoxODAwMDAwMDAwMDAwLCJkZWxldGUiOjE4MDAwMDAwMDAwMDAsInJlYWQiOjMwMDAwMDAwMDAwMCwidXBkYXRlIjoxODAwMDAwMDAwMDAwfX0=",
          "dependencies": [
            "azurerm_network_interface.nic",
            "azurerm_network_security_group.nsg",
            "azurerm_public_ip.linux_public_ip",
            "azurerm_resource_group.main",
            "azurerm_subnet.subnet",
            "azurerm_virtual_network.main"
          ]
        }
      ]
    },
    {
      "mode": "managed",
      "type": "azurerm_network_security_group",
      "name": "nsg",
      "provider": "provider[\"registry.terraform.io/hashicorp/azurerm\"]",
      "instances": [
        {
          "schema_version": 0,
          "attributes": {
            "id": "/subscriptions/9a7d8577-0051-49b0-a1fb-a2177b928eb4/resourceGroups/nginx_web_server/providers/Microsoft.Network/networkSecurityGroups/secgroup",
            "location": "westeurope",
            "name": "secgroup",
            "resource_group_name": "nginx_web_server",
            "security_rule": [
              {
                "access": "Allow",
                "description": "",
                "destination_address_prefix": "*",
                "destination_address_prefixes": [],
                "destination_application_security_group_ids": [],
                "destination_port_range": "22",
                "destination_port_ranges": [],
                "direction": "Inbound",
                "name": "SSH",
                "priority": 1001,
                "protocol": "Tcp",
                "source_address_prefix": "91.150.193.12",
                "source_address_prefixes": [],
                "source_application_security_group_ids": [],
                "source_port_range": "*",
                "source_port_ranges": []
              },
              {
                "access": "Allow",
                "description": "",
                "destination_address_prefix": "*",
                "destination_address_prefixes": [],
                "destination_application_security_group_ids": [],
                "destination_port_range": "443",
                "destination_port_ranges": [],
                "direction": "Inbound",
                "name": "HTTPS",
                "priority": 1003,
                "protocol": "Tcp",
                "source_address_prefix": "*",
                "source_address_prefixes": [],
                "source_application_security_group_ids": [],
                "source_port_range": "*",
                "source_port_ranges": []
              },
              {
                "access": "Allow",
                "description": "",
                "destination_address_prefix": "*",
                "destination_address_prefixes": [],
                "destination_application_security_group_ids": [],
                "destination_port_range": "80",
                "destination_port_ranges": [],
                "direction": "Inbound",
                "name": "HTTP",
                "priority": 1002,
                "protocol": "Tcp",
                "source_address_prefix": "*",
                "source_address_prefixes": [],
                "source_application_security_group_ids": [],
                "source_port_range": "*",
                "source_port_ranges": []
              }
            ],
            "tags": {},
            "timeouts": null
          },
          "sensitive_attributes": [],
          "identity_schema_version": 0,
          "private": "eyJlMmJmYjczMC1lY2FhLTExZTYtOGY4OC0zNDM2M2JjN2M0YzAiOnsiY3JlYXRlIjoxODAwMDAwMDAwMDAwLCJkZWxldGUiOjE4MDAwMDAwMDAwMDAsInJlYWQiOjMwMDAwMDAwMDAwMCwidXBkYXRlIjoxODAwMDAwMDAwMDAwfX0=",
          "dependencies": [
            "azurerm_resource_group.main"
          ]
        }
      ]
    },
    {
      "mode": "managed",
      "type": "azurerm_public_ip",
      "name": "linux_public_ip",
      "provider": "provider[\"registry.terraform.io/hashicorp/azurerm\"]",
      "instances": [
        {
          "schema_version": 0,
          "attributes": {
            "allocation_method": "Static",
            "domain_name_label": null,
            "edge_zone": "",
            "fqdn": null,
            "id": "/subscriptions/9a7d8577-0051-49b0-a1fb-a2177b928eb4/resourceGroups/nginx_web_server/providers/Microsoft.Network/publicIPAddresses/linux_public_ip",
            "idle_timeout_in_minutes": 4,
            "ip_address": "13.81.109.76",
            "ip_tags": {},
            "ip_version": "IPv4",
            "location": "westeurope",
            "name": "linux_public_ip",
            "public_ip_prefix_id": null,
            "resource_group_name": "nginx_web_server",
            "reverse_fqdn": null,
            "sku": "Standard",
            "sku_tier": "Regional",
            "tags": {},
            "timeouts": null,
            "zones": []
          },
          "sensitive_attributes": [],
          "identity_schema_version": 0,
          "private": "eyJlMmJmYjczMC1lY2FhLTExZTYtOGY4OC0zNDM2M2JjN2M0YzAiOnsiY3JlYXRlIjoxODAwMDAwMDAwMDAwLCJkZWxldGUiOjE4MDAwMDAwMDAwMDAsInJlYWQiOjMwMDAwMDAwMDAwMCwidXBkYXRlIjoxODAwMDAwMDAwMDAwfX0=",
          "dependencies": [
            "azurerm_resource_group.main"
          ]
        }
      ]
    },
    {
      "mode": "managed",
      "type": "azurerm_resource_group",
      "name": "main",
      "provider": "provider[\"registry.terraform.io/hashicorp/azurerm\"]",
      "instances": [
        {
          "schema_version": 0,
          "attributes": {
            "id": "/subscriptions/9a7d8577-0051-49b0-a1fb-a2177b928eb4/resourceGroups/nginx_web_server",
            "location": "westeurope",
            "name": "nginx_web_server",
            "tags": {},
            "timeouts": null
          },
          "sensitive_attributes": [],
          "identity_schema_version": 0,
          "private": "eyJlMmJmYjczMC1lY2FhLTExZTYtOGY4OC0zNDM2M2JjN2M0YzAiOnsiY3JlYXRlIjo1NDAwMDAwMDAwMDAwLCJkZWxldGUiOjU0MDAwMDAwMDAwMDAsInJlYWQiOjMwMDAwMDAwMDAwMCwidXBkYXRlIjo1NDAwMDAwMDAwMDAwfX0="
        }
      ]
    },
    {
      "mode": "managed",
      "type": "azurerm_ssh_public_key",
      "name": "ssh_key",
      "provider": "provider[\"registry.terraform.io/hashicorp/azurerm\"]",
      "instances": [
        {
          "schema_version": 0,
          "attributes": {
            "id": "/subscriptions/9a7d8577-0051-49b0-a1fb-a2177b928eb4/resourceGroups/nginx_web_server/providers/Microsoft.Compute/sshPublicKeys/sshkey",
            "location": "westeurope",
            "name": "sshkey",
            "public_key": "ssh-rsa AAAAB3NzaC1yc2EAAAADAQABAAACAQCrE8N2ZCmQ5x3SykLfBeT4RiAMqEmZIuXZtWbf4FRImVvH8ZVK4RTcfXlRGVH7SSAEPtjVAhkueLLQ3dx1M6tKJeC6k/aTPvZGSAMxzEWxHpOjxJcUwyrIFjzpmkSNg4/ucjPU0xW8d/Yb2I+rZF0HmfPGMzNW+w4F4/vhv3P3g5d6FYLwLj5r4VxyXUfw1TUP7kUPTMqxTHobMwFieGs9zA+KHB51FH+xx3VspGn//Sfg25xCeFW+437uxarjKcbTfWx5Q7ICZFWZFUr5jSWZvh35nNPfJQVJOuCKK/XryhUdyBznS0rvT43SYx3J4Qh5B1xlL3MZMZPIrMpb6JKRxVuT8F9WJKswtkt8iE0nVZ+Lp+PHqWNibxQBk7gEIfhm4x0Qxy0f/aaEdNpVf2lh83ri5f+u6quGstBX5ZdaPHWjg00jyc07Y8TolEytoIrcbXR2eJSeUzSVyQXway+eRXaodzIrvpZpjj2a1ipkLnuqHiDXuILrCPxLqrBojhiNyYTVNkAmfHxrcBLan3jhG/mP1pGkqbFkY4dq7hXs07FJanSAqRzeG/icn/JmLyiC/BePb2aoTWdYKV16SVVOKM57lZeJlU8nCjEJ7ShwgludB96MysHROxHbtLWeTYw6l9i9brXlTgL9Rx7Cr3En02r6aHJInEdfy5Xw8ZjhZw== dawid@DESKTOP-0D1MGPF\r\n",
            "resource_group_name": "nginx_web_server",
            "tags": {},
            "timeouts": null
          },
          "sensitive_attributes": [],
          "identity_schema_version": 0,
          "private": "eyJlMmJmYjczMC1lY2FhLTExZTYtOGY4OC0zNDM2M2JjN2M0YzAiOnsiY3JlYXRlIjoyNzAwMDAwMDAwMDAwLCJkZWxldGUiOjI3MDAwMDAwMDAwMDAsInJlYWQiOjMwMDAwMDAwMDAwMCwidXBkYXRlIjoyNzAwMDAwMDAwMDAwfX0=",
          "dependencies": [
            "azurerm_resource_group.main"
          ]
        }
      ]
    },
    {
      "mode": "managed",
      "type": "azurerm_subnet",
      "name": "subnet",
      "provider": "provider[\"registry.terraform.io/hashicorp/azurerm\"]",
      "instances": [
        {
          "schema_version": 0,
          "attributes": {
            "address_prefixes": [
              "10.0.1.0/24"
            ],
            "delegation": [],
            "enforce_private_link_endpoint_network_policies": false,
            "enforce_private_link_service_network_policies": false,
            "id": "/subscriptions/9a7d8577-0051-49b0-a1fb-a2177b928eb4/resourceGroups/nginx_web_server/providers/Microsoft.Network/virtualNetworks/linux_network/subnets/linux_sub",
            "name": "linux_sub",
            "resource_group_name": "nginx_web_server",
            "service_endpoint_policy_ids": [],
            "service_endpoints": [],
            "timeouts": null,
            "virtual_network_name": "linux_network"
          },
          "sensitive_attributes": [],
          "identity_schema_version": 0,
          "private": "eyJlMmJmYjczMC1lY2FhLTExZTYtOGY4OC0zNDM2M2JjN2M0YzAiOnsiY3JlYXRlIjoxODAwMDAwMDAwMDAwLCJkZWxldGUiOjE4MDAwMDAwMDAwMDAsInJlYWQiOjMwMDAwMDAwMDAwMCwidXBkYXRlIjoxODAwMDAwMDAwMDAwfX0=",
          "dependencies": [
            "azurerm_resource_group.main",
            "azurerm_virtual_network.main"
          ]
        }
      ]
    },
    {
      "mode": "managed",
      "type": "azurerm_virtual_network",
      "name": "main",
      "provider": "provider[\"registry.terraform.io/hashicorp/azurerm\"]",
      "instances": [
        {
          "schema_version": 0,
          "attributes": {
            "address_space": [
              "10.0.0.0/16"
            ],
            "bgp_community": "",
            "ddos_protection_plan": [],
            "dns_servers": [],
            "edge_zone": "",
            "flow_timeout_in_minutes": 0,
            "guid": "cfd9ad98-05a4-464e-8c8a-a9056c43d044",
            "id": "/subscriptions/9a7d8577-0051-49b0-a1fb-a2177b928eb4/resourceGroups/nginx_web_server/providers/Microsoft.Network/virtualNetworks/linux_network",
            "location": "westeurope",
            "name": "linux_network",
            "resource_group_name": "nginx_web_server",
            "subnet": [
              {
                "address_prefix": "10.0.1.0/24",
                "id": "/subscriptions/9a7d8577-0051-49b0-a1fb-a2177b928eb4/resourceGroups/nginx_web_server/providers/Microsoft.Network/virtualNetworks/linux_network/subnets/linux_sub",
                "name": "linux_sub",
                "security_group": ""
              }
            ],
            "tags": {},
            "timeouts": null
          },
          "sensitive_attributes": [],
          "identity_schema_version": 0,
          "private": "eyJlMmJmYjczMC1lY2FhLTExZTYtOGY4OC0zNDM2M2JjN2M0YzAiOnsiY3JlYXRlIjoxODAwMDAwMDAwMDAwLCJkZWxldGUiOjE4MDAwMDAwMDAwMDAsInJlYWQiOjMwMDAwMDAwMDAwMCwidXBkYXRlIjoxODAwMDAwMDAwMDAwfX0=",
          "dependencies": [
            "azurerm_resource_group.main"
          ]
        }
      ]
    }
  ],
  "check_results": null
}
